
Microsoft Visual Studio Solution File, Format Version 12.00
# Visual Studio Version 17
VisualStudioVersion = 17.0.31903.59
MinimumVisualStudioVersion = 10.0.40219.1
Project("{2150E333-8FDC-42A3-9474-1A3956D46DE8}") = "building-blocks", "building-blocks", "{31CBEB51-93DC-9CA1-DA8D-67643319BEE1}"
EndProject
Project("{FAE04EC0-301F-11D3-BF4B-00C04F79EFBC}") = "BuildingBlocks.Contracts", "building-blocks\BuildingBlocks.Contracts\BuildingBlocks.Contracts.csproj", "{5D9D407F-2219-475D-BCB2-A90A29930D88}"
EndProject
Project("{FAE04EC0-301F-11D3-BF4B-00C04F79EFBC}") = "BuildingBlocks.Persistence", "building-blocks\BuildingBlocks.Persistence\BuildingBlocks.Persistence.csproj", "{7C7F7122-CEF6-4591-966A-96E89A632585}"
EndProject
Project("{FAE04EC0-301F-11D3-BF4B-00C04F79EFBC}") = "BuildingBlocks.Authentication", "building-blocks\BuildingBlocks.Authentication\BuildingBlocks.Authentication.csproj", "{97A9CC50-07FE-4C1B-B1EE-65B6A803A315}"
EndProject
Project("{FAE04EC0-301F-11D3-BF4B-00C04F79EFBC}") = "BuildingBlocks.Web", "building-blocks\BuildingBlocks.Web\BuildingBlocks.Web.csproj", "{9DD6A2B9-CA34-4E73-9813-66FDFC164AE1}"
EndProject
Project("{2150E333-8FDC-42A3-9474-1A3956D46DE8}") = "services", "services", "{5854FF58-B8C5-05C6-5BF2-ACE42193F22B}"
EndProject
Project("{FAE04EC0-301F-11D3-BF4B-00C04F79EFBC}") = "Identity.Service", "services\Identity.Service\Identity.Service.csproj", "{F3860EF3-B721-4160-A614-C04484795673}"
EndProject
Project("{FAE04EC0-301F-11D3-BF4B-00C04F79EFBC}") = "Enemy.Service", "services\Enemy.Service\Enemy.Service.csproj", "{9F115420-6D1C-454E-8FDF-F139F7C1495C}"
EndProject
Project("{FAE04EC0-301F-11D3-BF4B-00C04F79EFBC}") = "Wiki.Service", "services\Wiki.Service\Wiki.Service.csproj", "{B6AA7075-9991-46AF-9C7F-7D17328B0EAD}"
EndProject
Project("{FAE04EC0-301F-11D3-BF4B-00C04F79EFBC}") = "Forum.Service", "services\Forum.Service\Forum.Service.csproj", "{553E5C67-B848-4C38-AAF4-B8C5A86C91BA}"
EndProject
Project("{FAE04EC0-301F-11D3-BF4B-00C04F79EFBC}") = "Assets.Service", "services\Assets.Service\Assets.Service.csproj", "{DFCDCD44-C603-4D52-BE04-F06AF2928F82}"
EndProject
Project("{FAE04EC0-301F-11D3-BF4B-00C04F79EFBC}") = "Music.Service", "services\Music.Service\Music.Service.csproj", "{620EECF9-3447-45D4-9819-D514D7FB433C}"
EndProject
Project("{FAE04EC0-301F-11D3-BF4B-00C04F79EFBC}") = "Search.Service", "services\Search.Service\Search.Service.csproj", "{24523C5D-D15F-4F41-8FAC-B86B1040E3B2}"
EndProject
Project("{FAE04EC0-301F-11D3-BF4B-00C04F79EFBC}") = "Admin.Service", "services\Admin.Service\Admin.Service.csproj", "{B0B5A25A-FC0D-4132-BEC5-5DAF14D6B786}"
EndProject
Project("{FAE04EC0-301F-11D3-BF4B-00C04F79EFBC}") = "Gateway", "services\Gateway\Gateway.csproj", "{62DA4659-0A95-4630-ACDB-17AF97AEACB1}"
EndProject
Global
	GlobalSection(SolutionConfigurationPlatforms) = preSolution
		Debug|Any CPU = Debug|Any CPU
		Debug|x64 = Debug|x64
		Debug|x86 = Debug|x86
		Release|Any CPU = Release|Any CPU
		Release|x64 = Release|x64
		Release|x86 = Release|x86
	EndGlobalSection
	GlobalSection(ProjectConfigurationPlatforms) = postSolution
		{5D9D407F-2219-475D-BCB2-A90A29930D88}.Debug|Any CPU.ActiveCfg = Debug|Any CPU
		{5D9D407F-2219-475D-BCB2-A90A29930D88}.Debug|Any CPU.Build.0 = Debug|Any CPU
		{5D9D407F-2219-475D-BCB2-A90A29930D88}.Debug|x64.ActiveCfg = Debug|Any CPU
		{5D9D407F-2219-475D-BCB2-A90A29930D88}.Debug|x64.Build.0 = Debug|Any CPU
		{5D9D407F-2219-475D-BCB2-A90A29930D88}.Debug|x86.ActiveCfg = Debug|Any CPU
		{5D9D407F-2219-475D-BCB2-A90A29930D88}.Debug|x86.Build.0 = Debug|Any CPU
		{5D9D407F-2219-475D-BCB2-A90A29930D88}.Release|Any CPU.ActiveCfg = Release|Any CPU
		{5D9D407F-2219-475D-BCB2-A90A29930D88}.Release|Any CPU.Build.0 = Release|Any CPU
		{5D9D407F-2219-475D-BCB2-A90A29930D88}.Release|x64.ActiveCfg = Release|Any CPU
		{5D9D407F-2219-475D-BCB2-A90A29930D88}.Release|x64.Build.0 = Release|Any CPU
		{5D9D407F-2219-475D-BCB2-A90A29930D88}.Release|x86.ActiveCfg = Release|Any CPU
		{5D9D407F-2219-475D-BCB2-A90A29930D88}.Release|x86.Build.0 = Release|Any CPU
		{7C7F7122-CEF6-4591-966A-96E89A632585}.Debug|Any CPU.ActiveCfg = Debug|Any CPU
		{7C7F7122-CEF6-4591-966A-96E89A632585}.Debug|Any CPU.Build.0 = Debug|Any CPU
		{7C7F7122-CEF6-4591-966A-96E89A632585}.Debug|x64.ActiveCfg = Debug|Any CPU
		{7C7F7122-CEF6-4591-966A-96E89A632585}.Debug|x64.Build.0 = Debug|Any CPU
		{7C7F7122-CEF6-4591-966A-96E89A632585}.Debug|x86.ActiveCfg = Debug|Any CPU
		{7C7F7122-CEF6-4591-966A-96E89A632585}.Debug|x86.Build.0 = Debug|Any CPU
		{7C7F7122-CEF6-4591-966A-96E89A632585}.Release|Any CPU.ActiveCfg = Release|Any CPU
		{7C7F7122-CEF6-4591-966A-96E89A632585}.Release|Any CPU.Build.0 = Release|Any CPU
		{7C7F7122-CEF6-4591-966A-96E89A632585}.Release|x64.ActiveCfg = Release|Any CPU
		{7C7F7122-CEF6-4591-966A-96E89A632585}.Release|x64.Build.0 = Release|Any CPU
		{7C7F7122-CEF6-4591-966A-96E89A632585}.Release|x86.ActiveCfg = Release|Any CPU
		{7C7F7122-CEF6-4591-966A-96E89A632585}.Release|x86.Build.0 = Release|Any CPU
		{97A9CC50-07FE-4C1B-B1EE-65B6A803A315}.Debug|Any CPU.ActiveCfg = Debug|Any CPU
		{97A9CC50-07FE-4C1B-B1EE-65B6A803A315}.Debug|Any CPU.Build.0 = Debug|Any CPU
		{97A9CC50-07FE-4C1B-B1EE-65B6A803A315}.Debug|x64.ActiveCfg = Debug|Any CPU
		{97A9CC50-07FE-4C1B-B1EE-65B6A803A315}.Debug|x64.Build.0 = Debug|Any CPU
		{97A9CC50-07FE-4C1B-B1EE-65B6A803A315}.Debug|x86.ActiveCfg = Debug|Any CPU
		{97A9CC50-07FE-4C1B-B1EE-65B6A803A315}.Debug|x86.Build.0 = Debug|Any CPU
		{97A9CC50-07FE-4C1B-B1EE-65B6A803A315}.Release|Any CPU.ActiveCfg = Release|Any CPU
		{97A9CC50-07FE-4C1B-B1EE-65B6A803A315}.Release|Any CPU.Build.0 = Release|Any CPU
		{97A9CC50-07FE-4C1B-B1EE-65B6A803A315}.Release|x64.ActiveCfg = Release|Any CPU
		{97A9CC50-07FE-4C1B-B1EE-65B6A803A315}.Release|x64.Build.0 = Release|Any CPU
		{97A9CC50-07FE-4C1B-B1EE-65B6A803A315}.Release|x86.ActiveCfg = Release|Any CPU
		{97A9CC50-07FE-4C1B-B1EE-65B6A803A315}.Release|x86.Build.0 = Release|Any CPU
		{9DD6A2B9-CA34-4E73-9813-66FDFC164AE1}.Debug|Any CPU.ActiveCfg = Debug|Any CPU
		{9DD6A2B9-CA34-4E73-9813-66FDFC164AE1}.Debug|Any CPU.Build.0 = Debug|Any CPU
		{9DD6A2B9-CA34-4E73-9813-66FDFC164AE1}.Debug|x64.ActiveCfg = Debug|Any CPU
		{9DD6A2B9-CA34-4E73-9813-66FDFC164AE1}.Debug|x64.Build.0 = Debug|Any CPU
		{9DD6A2B9-CA34-4E73-9813-66FDFC164AE1}.Debug|x86.ActiveCfg = Debug|Any CPU
		{9DD6A2B9-CA34-4E73-9813-66FDFC164AE1}.Debug|x86.Build.0 = Debug|Any CPU
		{9DD6A2B9-CA34-4E73-9813-66FDFC164AE1}.Release|Any CPU.ActiveCfg = Release|Any CPU
		{9DD6A2B9-CA34-4E73-9813-66FDFC164AE1}.Release|Any CPU.Build.0 = Release|Any CPU
		{9DD6A2B9-CA34-4E73-9813-66FDFC164AE1}.Release|x64.ActiveCfg = Release|Any CPU
		{9DD6A2B9-CA34-4E73-9813-66FDFC164AE1}.Release|x64.Build.0 = Release|Any CPU
		{9DD6A2B9-CA34-4E73-9813-66FDFC164AE1}.Release|x86.ActiveCfg = Release|Any CPU
		{9DD6A2B9-CA34-4E73-9813-66FDFC164AE1}.Release|x86.Build.0 = Release|Any CPU
		{F3860EF3-B721-4160-A614-C04484795673}.Debug|Any CPU.ActiveCfg = Debug|Any CPU
		{F3860EF3-B721-4160-A614-C04484795673}.Debug|Any CPU.Build.0 = Debug|Any CPU
		{F3860EF3-B721-4160-A614-C04484795673}.Debug|x64.ActiveCfg = Debug|Any CPU
		{F3860EF3-B721-4160-A614-C04484795673}.Debug|x64.Build.0 = Debug|Any CPU
		{F3860EF3-B721-4160-A614-C04484795673}.Debug|x86.ActiveCfg = Debug|Any CPU
		{F3860EF3-B721-4160-A614-C04484795673}.Debug|x86.Build.0 = Debug|Any CPU
		{F3860EF3-B721-4160-A614-C04484795673}.Release|Any CPU.ActiveCfg = Release|Any CPU
		{F3860EF3-B721-4160-A614-C04484795673}.Release|Any CPU.Build.0 = Release|Any CPU
		{F3860EF3-B721-4160-A614-C04484795673}.Release|x64.ActiveCfg = Release|Any CPU
		{F3860EF3-B721-4160-A614-C04484795673}.Release|x64.Build.0 = Release|Any CPU
		{F3860EF3-B721-4160-A614-C04484795673}.Release|x86.ActiveCfg = Release|Any CPU
		{F3860EF3-B721-4160-A614-C04484795673}.Release|x86.Build.0 = Release|Any CPU
		{9F115420-6D1C-454E-8FDF-F139F7C1495C}.Debug|Any CPU.ActiveCfg = Debug|Any CPU
		{9F115420-6D1C-454E-8FDF-F139F7C1495C}.Debug|Any CPU.Build.0 = Debug|Any CPU
		{9F115420-6D1C-454E-8FDF-F139F7C1495C}.Debug|x64.ActiveCfg = Debug|Any CPU
		{9F115420-6D1C-454E-8FDF-F139F7C1495C}.Debug|x64.Build.0 = Debug|Any CPU
		{9F115420-6D1C-454E-8FDF-F139F7C1495C}.Debug|x86.ActiveCfg = Debug|Any CPU
		{9F115420-6D1C-454E-8FDF-F139F7C1495C}.Debug|x86.Build.0 = Debug|Any CPU
		{9F115420-6D1C-454E-8FDF-F139F7C1495C}.Release|Any CPU.ActiveCfg = Release|Any CPU
		{9F115420-6D1C-454E-8FDF-F139F7C1495C}.Release|Any CPU.Build.0 = Release|Any CPU
		{9F115420-6D1C-454E-8FDF-F139F7C1495C}.Release|x64.ActiveCfg = Release|Any CPU
		{9F115420-6D1C-454E-8FDF-F139F7C1495C}.Release|x64.Build.0 = Release|Any CPU
		{9F115420-6D1C-454E-8FDF-F139F7C1495C}.Release|x86.ActiveCfg = Release|Any CPU
		{9F115420-6D1C-454E-8FDF-F139F7C1495C}.Release|x86.Build.0 = Release|Any CPU
		{B6AA7075-9991-46AF-9C7F-7D17328B0EAD}.Debug|Any CPU.ActiveCfg = Debug|Any CPU
		{B6AA7075-9991-46AF-9C7F-7D17328B0EAD}.Debug|Any CPU.Build.0 = Debug|Any CPU
		{B6AA7075-9991-46AF-9C7F-7D17328B0EAD}.Debug|x64.ActiveCfg = Debug|Any CPU
		{B6AA7075-9991-46AF-9C7F-7D17328B0EAD}.Debug|x64.Build.0 = Debug|Any CPU
		{B6AA7075-9991-46AF-9C7F-7D17328B0EAD}.Debug|x86.ActiveCfg = Debug|Any CPU
		{B6AA7075-9991-46AF-9C7F-7D17328B0EAD}.Debug|x86.Build.0 = Debug|Any CPU
		{B6AA7075-9991-46AF-9C7F-7D17328B0EAD}.Release|Any CPU.ActiveCfg = Release|Any CPU
		{B6AA7075-9991-46AF-9C7F-7D17328B0EAD}.Release|Any CPU.Build.0 = Release|Any CPU
		{B6AA7075-9991-46AF-9C7F-7D17328B0EAD}.Release|x64.ActiveCfg = Release|Any CPU
		{B6AA7075-9991-46AF-9C7F-7D17328B0EAD}.Release|x64.Build.0 = Release|Any CPU
		{B6AA7075-9991-46AF-9C7F-7D17328B0EAD}.Release|x86.ActiveCfg = Release|Any CPU
		{B6AA7075-9991-46AF-9C7F-7D17328B0EAD}.Release|x86.Build.0 = Release|Any CPU
		{553E5C67-B848-4C38-AAF4-B8C5A86C91BA}.Debug|Any CPU.ActiveCfg = Debug|Any CPU
		{553E5C67-B848-4C38-AAF4-B8C5A86C91BA}.Debug|Any CPU.Build.0 = Debug|Any CPU
		{553E5C67-B848-4C38-AAF4-B8C5A86C91BA}.Debug|x64.ActiveCfg = Debug|Any CPU
		{553E5C67-B848-4C38-AAF4-B8C5A86C91BA}.Debug|x64.Build.0 = Debug|Any CPU
		{553E5C67-B848-4C38-AAF4-B8C5A86C91BA}.Debug|x86.ActiveCfg = Debug|Any CPU
		{553E5C67-B848-4C38-AAF4-B8C5A86C91BA}.Debug|x86.Build.0 = Debug|Any CPU
		{553E5C67-B848-4C38-AAF4-B8C5A86C91BA}.Release|Any CPU.ActiveCfg = Release|Any CPU
		{553E5C67-B848-4C38-AAF4-B8C5A86C91BA}.Release|Any CPU.Build.0 = Release|Any CPU
		{553E5C67-B848-4C38-AAF4-B8C5A86C91BA}.Release|x64.ActiveCfg = Release|Any CPU
		{553E5C67-B848-4C38-AAF4-B8C5A86C91BA}.Release|x64.Build.0 = Release|Any CPU
		{553E5C67-B848-4C38-AAF4-B8C5A86C91BA}.Release|x86.ActiveCfg = Release|Any CPU
		{553E5C67-B848-4C38-AAF4-B8C5A86C91BA}.Release|x86.Build.0 = Release|Any CPU
		{DFCDCD44-C603-4D52-BE04-F06AF2928F82}.Debug|Any CPU.ActiveCfg = Debug|Any CPU
		{DFCDCD44-C603-4D52-BE04-F06AF2928F82}.Debug|Any CPU.Build.0 = Debug|Any CPU
		{DFCDCD44-C603-4D52-BE04-F06AF2928F82}.Debug|x64.ActiveCfg = Debug|Any CPU
		{DFCDCD44-C603-4D52-BE04-F06AF2928F82}.Debug|x64.Build.0 = Debug|Any CPU
		{DFCDCD44-C603-4D52-BE04-F06AF2928F82}.Debug|x86.ActiveCfg = Debug|Any CPU
		{DFCDCD44-C603-4D52-BE04-F06AF2928F82}.Debug|x86.Build.0 = Debug|Any CPU
		{DFCDCD44-C603-4D52-BE04-F06AF2928F82}.Release|Any CPU.ActiveCfg = Release|Any CPU
		{DFCDCD44-C603-4D52-BE04-F06AF2928F82}.Release|Any CPU.Build.0 = Release|Any CPU
		{DFCDCD44-C603-4D52-BE04-F06AF2928F82}.Release|x64.ActiveCfg = Release|Any CPU
		{DFCDCD44-C603-4D52-BE04-F06AF2928F82}.Release|x64.Build.0 = Release|Any CPU
		{DFCDCD44-C603-4D52-BE04-F06AF2928F82}.Release|x86.ActiveCfg = Release|Any CPU
		{DFCDCD44-C603-4D52-BE04-F06AF2928F82}.Release|x86.Build.0 = Release|Any CPU
		{620EECF9-3447-45D4-9819-D514D7FB433C}.Debug|Any CPU.ActiveCfg = Debug|Any CPU
		{620EECF9-3447-45D4-9819-D514D7FB433C}.Debug|Any CPU.Build.0 = Debug|Any CPU
		{620EECF9-3447-45D4-9819-D514D7FB433C}.Debug|x64.ActiveCfg = Debug|Any CPU
		{620EECF9-3447-45D4-9819-D514D7FB433C}.Debug|x64.Build.0 = Debug|Any CPU
		{620EECF9-3447-45D4-9819-D514D7FB433C}.Debug|x86.ActiveCfg = Debug|Any CPU
		{620EECF9-3447-45D4-9819-D514D7FB433C}.Debug|x86.Build.0 = Debug|Any CPU
		{620EECF9-3447-45D4-9819-D514D7FB433C}.Release|Any CPU.ActiveCfg = Release|Any CPU
		{620EECF9-3447-45D4-9819-D514D7FB433C}.Release|Any CPU.Build.0 = Release|Any CPU
		{620EECF9-3447-45D4-9819-D514D7FB433C}.Release|x64.ActiveCfg = Release|Any CPU
		{620EECF9-3447-45D4-9819-D514D7FB433C}.Release|x64.Build.0 = Release|Any CPU
		{620EECF9-3447-45D4-9819-D514D7FB433C}.Release|x86.ActiveCfg = Release|Any CPU
		{620EECF9-3447-45D4-9819-D514D7FB433C}.Release|x86.Build.0 = Release|Any CPU
		{24523C5D-D15F-4F41-8FAC-B86B1040E3B2}.Debug|Any CPU.ActiveCfg = Debug|Any CPU
		{24523C5D-D15F-4F41-8FAC-B86B1040E3B2}.Debug|Any CPU.Build.0 = Debug|Any CPU
		{24523C5D-D15F-4F41-8FAC-B86B1040E3B2}.Debug|x64.ActiveCfg = Debug|Any CPU
		{24523C5D-D15F-4F41-8FAC-B86B1040E3B2}.Debug|x64.Build.0 = Debug|Any CPU
		{24523C5D-D15F-4F41-8FAC-B86B1040E3B2}.Debug|x86.ActiveCfg = Debug|Any CPU
		{24523C5D-D15F-4F41-8FAC-B86B1040E3B2}.Debug|x86.Build.0 = Debug|Any CPU
		{24523C5D-D15F-4F41-8FAC-B86B1040E3B2}.Release|Any CPU.ActiveCfg = Release|Any CPU
		{24523C5D-D15F-4F41-8FAC-B86B1040E3B2}.Release|Any CPU.Build.0 = Release|Any CPU
		{24523C5D-D15F-4F41-8FAC-B86B1040E3B2}.Release|x64.ActiveCfg = Release|Any CPU
		{24523C5D-D15F-4F41-8FAC-B86B1040E3B2}.Release|x64.Build.0 = Release|Any CPU
		{24523C5D-D15F-4F41-8FAC-B86B1040E3B2}.Release|x86.ActiveCfg = Release|Any CPU
		{24523C5D-D15F-4F41-8FAC-B86B1040E3B2}.Release|x86.Build.0 = Release|Any CPU
		{B0B5A25A-FC0D-4132-BEC5-5DAF14D6B786}.Debug|Any CPU.ActiveCfg = Debug|Any CPU
		{B0B5A25A-FC0D-4132-BEC5-5DAF14D6B786}.Debug|Any CPU.Build.0 = Debug|Any CPU
		{B0B5A25A-FC0D-4132-BEC5-5DAF14D6B786}.Debug|x64.ActiveCfg = Debug|Any CPU
		{B0B5A25A-FC0D-4132-BEC5-5DAF14D6B786}.Debug|x64.Build.0 = Debug|Any CPU
		{B0B5A25A-FC0D-4132-BEC5-5DAF14D6B786}.Debug|x86.ActiveCfg = Debug|Any CPU
		{B0B5A25A-FC0D-4132-BEC5-5DAF14D6B786}.Debug|x86.Build.0 = Debug|Any CPU
		{B0B5A25A-FC0D-4132-BEC5-5DAF14D6B786}.Release|Any CPU.ActiveCfg = Release|Any CPU
		{B0B5A25A-FC0D-4132-BEC5-5DAF14D6B786}.Release|Any CPU.Build.0 = Release|Any CPU
		{B0B5A25A-FC0D-4132-BEC5-5DAF14D6B786}.Release|x64.ActiveCfg = Release|Any CPU
		{B0B5A25A-FC0D-4132-BEC5-5DAF14D6B786}.Release|x64.Build.0 = Release|Any CPU
		{B0B5A25A-FC0D-4132-BEC5-5DAF14D6B786}.Release|x86.ActiveCfg = Release|Any CPU
		{B0B5A25A-FC0D-4132-BEC5-5DAF14D6B786}.Release|x86.Build.0 = Release|Any CPU
		{62DA4659-0A95-4630-ACDB-17AF97AEACB1}.Debug|Any CPU.ActiveCfg = Debug|Any CPU
		{62DA4659-0A95-4630-ACDB-17AF97AEACB1}.Debug|Any CPU.Build.0 = Debug|Any CPU
		{62DA4659-0A95-4630-ACDB-17AF97AEACB1}.Debug|x64.ActiveCfg = Debug|Any CPU
		{62DA4659-0A95-4630-ACDB-17AF97AEACB1}.Debug|x64.Build.0 = Debug|Any CPU
		{62DA4659-0A95-4630-ACDB-17AF97AEACB1}.Debug|x86.ActiveCfg = Debug|Any CPU
		{62DA4659-0A95-4630-ACDB-17AF97AEACB1}.Debug|x86.Build.0 = Debug|Any CPU
		{62DA4659-0A95-4630-ACDB-17AF97AEACB1}.Release|Any CPU.ActiveCfg = Release|Any CPU
		{62DA4659-0A95-4630-ACDB-17AF97AEACB1}.Release|Any CPU.Build.0 = Release|Any CPU
		{62DA4659-0A95-4630-ACDB-17AF97AEACB1}.Release|x64.ActiveCfg = Release|Any CPU
		{62DA4659-0A95-4630-ACDB-17AF97AEACB1}.Release|x64.Build.0 = Release|Any CPU
		{62DA4659-0A95-4630-ACDB-17AF97AEACB1}.Release|x86.ActiveCfg = Release|Any CPU
		{62DA4659-0A95-4630-ACDB-17AF97AEACB1}.Release|x86.Build.0 = Release|Any CPU
	EndGlobalSection
	GlobalSection(SolutionProperties) = preSolution
		HideSolutionNode = FALSE
	EndGlobalSection
	GlobalSection(NestedProjects) = preSolution
		{5D9D407F-2219-475D-BCB2-A90A29930D88} = {31CBEB51-93DC-9CA1-DA8D-67643319BEE1}
		{7C7F7122-CEF6-4591-966A-96E89A632585} = {31CBEB51-93DC-9CA1-DA8D-67643319BEE1}
		{97A9CC50-07FE-4C1B-B1EE-65B6A803A315} = {31CBEB51-93DC-9CA1-DA8D-67643319BEE1}
		{9DD6A2B9-CA34-4E73-9813-66FDFC164AE1} = {31CBEB51-93DC-9CA1-DA8D-67643319BEE1}
		{F3860EF3-B721-4160-A614-C04484795673} = {5854FF58-B8C5-05C6-5BF2-ACE42193F22B}
		{9F115420-6D1C-454E-8FDF-F139F7C1495C} = {5854FF58-B8C5-05C6-5BF2-ACE42193F22B}
		{B6AA7075-9991-46AF-9C7F-7D17328B0EAD} = {5854FF58-B8C5-05C6-5BF2-ACE42193F22B}
		{553E5C67-B848-4C38-AAF4-B8C5A86C91BA} = {5854FF58-B8C5-05C6-5BF2-ACE42193F22B}
		{DFCDCD44-C603-4D52-BE04-F06AF2928F82} = {5854FF58-B8C5-05C6-5BF2-ACE42193F22B}
		{620EECF9-3447-45D4-9819-D514D7FB433C} = {5854FF58-B8C5-05C6-5BF2-ACE42193F22B}
		{24523C5D-D15F-4F41-8FAC-B86B1040E3B2} = {5854FF58-B8C5-05C6-5BF2-ACE42193F22B}
		{B0B5A25A-FC0D-4132-BEC5-5DAF14D6B786} = {5854FF58-B8C5-05C6-5BF2-ACE42193F22B}
		{62DA4659-0A95-4630-ACDB-17AF97AEACB1} = {5854FF58-B8C5-05C6-5BF2-ACE42193F22B}
	EndGlobalSection
EndGlobal
