
Microsoft Visual Studio Solution File, Format Version 12.00
# Visual Studio Version 17
VisualStudioVersion = 17.5.2.0
MinimumVisualStudioVersion = 10.0.40219.1
Project("{2150E333-8FDC-42A3-9474-1A3956D46DE8}") = "api", "api", "{D82C56D6-B2CD-F611-9E31-04638F7EC30E}"
EndProject
Project("{FAE04EC0-301F-11D3-BF4B-00C04F79EFBC}") = "Attrition.API", "api\Attrition.API.csproj", "{819AD9C6-A657-6E43-F2A4-F5DE50856548}"
EndProject
Project("{FAE04EC0-301F-11D3-BF4B-00C04F79EFBC}") = "Attrition.API.Tests", "Attrition.API.Tests\Attrition.API.Tests.csproj", "{A510AA57-BF0F-428C-B18E-25378D2F8ACB}"
EndProject
Global
	GlobalSection(SolutionConfigurationPlatforms) = preSolution
		Debug|Any CPU = Debug|Any CPU
		Debug|x64 = Debug|x64
		Debug|x86 = Debug|x86
		Release|Any CPU = Release|Any CPU
		Release|x64 = Release|x64
		Release|x86 = Release|x86
	EndGlobalSection
	GlobalSection(ProjectConfigurationPlatforms) = postSolution
		{819AD9C6-A657-6E43-F2A4-F5DE50856548}.Debug|Any CPU.ActiveCfg = Debug|Any CPU
		{819AD9C6-A657-6E43-F2A4-F5DE50856548}.Debug|Any CPU.Build.0 = Debug|Any CPU
		{819AD9C6-A657-6E43-F2A4-F5DE50856548}.Debug|x64.ActiveCfg = Debug|Any CPU
		{819AD9C6-A657-6E43-F2A4-F5DE50856548}.Debug|x64.Build.0 = Debug|Any CPU
		{819AD9C6-A657-6E43-F2A4-F5DE50856548}.Debug|x86.ActiveCfg = Debug|Any CPU
		{819AD9C6-A657-6E43-F2A4-F5DE50856548}.Debug|x86.Build.0 = Debug|Any CPU
		{819AD9C6-A657-6E43-F2A4-F5DE50856548}.Release|Any CPU.ActiveCfg = Release|Any CPU
		{819AD9C6-A657-6E43-F2A4-F5DE50856548}.Release|Any CPU.Build.0 = Release|Any CPU
		{819AD9C6-A657-6E43-F2A4-F5DE50856548}.Release|x64.ActiveCfg = Release|Any CPU
		{819AD9C6-A657-6E43-F2A4-F5DE50856548}.Release|x64.Build.0 = Release|Any CPU
		{819AD9C6-A657-6E43-F2A4-F5DE50856548}.Release|x86.ActiveCfg = Release|Any CPU
		{819AD9C6-A657-6E43-F2A4-F5DE50856548}.Release|x86.Build.0 = Release|Any CPU
		{A510AA57-BF0F-428C-B18E-25378D2F8ACB}.Debug|Any CPU.ActiveCfg = Debug|Any CPU
		{A510AA57-BF0F-428C-B18E-25378D2F8ACB}.Debug|Any CPU.Build.0 = Debug|Any CPU
		{A510AA57-BF0F-428C-B18E-25378D2F8ACB}.Debug|x64.ActiveCfg = Debug|Any CPU
		{A510AA57-BF0F-428C-B18E-25378D2F8ACB}.Debug|x64.Build.0 = Debug|Any CPU
		{A510AA57-BF0F-428C-B18E-25378D2F8ACB}.Debug|x86.ActiveCfg = Debug|Any CPU
		{A510AA57-BF0F-428C-B18E-25378D2F8ACB}.Debug|x86.Build.0 = Debug|Any CPU
		{A510AA57-BF0F-428C-B18E-25378D2F8ACB}.Release|Any CPU.ActiveCfg = Release|Any CPU
		{A510AA57-BF0F-428C-B18E-25378D2F8ACB}.Release|Any CPU.Build.0 = Release|Any CPU
		{A510AA57-BF0F-428C-B18E-25378D2F8ACB}.Release|x64.ActiveCfg = Release|Any CPU
		{A510AA57-BF0F-428C-B18E-25378D2F8ACB}.Release|x64.Build.0 = Release|Any CPU
		{A510AA57-BF0F-428C-B18E-25378D2F8ACB}.Release|x86.ActiveCfg = Release|Any CPU
		{A510AA57-BF0F-428C-B18E-25378D2F8ACB}.Release|x86.Build.0 = Release|Any CPU
	EndGlobalSection
	GlobalSection(SolutionProperties) = preSolution
		HideSolutionNode = FALSE
	EndGlobalSection
	GlobalSection(NestedProjects) = preSolution
		{819AD9C6-A657-6E43-F2A4-F5DE50856548} = {D82C56D6-B2CD-F611-9E31-04638F7EC30E}
	EndGlobalSection
	GlobalSection(ExtensibilityGlobals) = postSolution
		SolutionGuid = {C4B1783C-4853-4D92-AF1B-C050CADB5E70}
	EndGlobalSection
EndGlobal
